
Microsoft Visual Studio Solution File, Format Version 12.00
# Visual Studio Version 17
VisualStudioVersion = 17.8.34511.84
MinimumVisualStudioVersion = 10.0.40219.1
Project("{FAE04EC0-301F-11D3-BF4B-00C04F79EFBC}") = "Pago_hora_horas_trabajadas", "Pago_hora_horas_trabajadas.csproj", "{74384540-C595-42A1-AB67-DB200C05155B}"
EndProject
Global
	GlobalSection(SolutionConfigurationPlatforms) = preSolution
		Debug|Any CPU = Debug|Any CPU
		Release|Any CPU = Release|Any CPU
	EndGlobalSection
	GlobalSection(ProjectConfigurationPlatforms) = postSolution
		{74384540-C595-42A1-AB67-DB200C05155B}.Debug|Any CPU.ActiveCfg = Debug|Any CPU
		{74384540-C595-42A1-AB67-DB200C05155B}.Debug|Any CPU.Build.0 = Debug|Any CPU
		{74384540-C595-42A1-AB67-DB200C05155B}.Release|Any CPU.ActiveCfg = Release|Any CPU
		{74384540-C595-42A1-AB67-DB200C05155B}.Release|Any CPU.Build.0 = Release|Any CPU
	EndGlobalSection
	GlobalSection(SolutionProperties) = preSolution
		HideSolutionNode = FALSE
	EndGlobalSection
	GlobalSection(ExtensibilityGlobals) = postSolution
		SolutionGuid = {9E0D631F-4E88-4147-9DA1-FCDB9217B47E}
	EndGlobalSection
EndGlobal
